
Microsoft Visual Studio Solution File, Format Version 12.00
# Visual Studio Version 17
VisualStudioVersion = 17.8.34511.84
MinimumVisualStudioVersion = 10.0.40219.1
Project("{FAE04EC0-301F-11D3-BF4B-00C04F79EFBC}") = "Estructura_de_clases", "Estructura_de_clases\Estructura_de_clases.csproj", "{5E75018F-3173-4BBA-B77F-E71E24ED75B3}"
EndProject
Global
	GlobalSection(SolutionConfigurationPlatforms) = preSolution
		Debug|Any CPU = Debug|Any CPU
		Release|Any CPU = Release|Any CPU
	EndGlobalSection
	GlobalSection(ProjectConfigurationPlatforms) = postSolution
		{5E75018F-3173-4BBA-B77F-E71E24ED75B3}.Debug|Any CPU.ActiveCfg = Debug|Any CPU
		{5E75018F-3173-4BBA-B77F-E71E24ED75B3}.Debug|Any CPU.Build.0 = Debug|Any CPU
		{5E75018F-3173-4BBA-B77F-E71E24ED75B3}.Release|Any CPU.ActiveCfg = Release|Any CPU
		{5E75018F-3173-4BBA-B77F-E71E24ED75B3}.Release|Any CPU.Build.0 = Release|Any CPU
	EndGlobalSection
	GlobalSection(SolutionProperties) = preSolution
		HideSolutionNode = FALSE
	EndGlobalSection
	GlobalSection(ExtensibilityGlobals) = postSolution
		SolutionGuid = {68BB606E-42B1-4CFE-9FA2-E948D4DF2F8A}
	EndGlobalSection
EndGlobal
